
Microsoft Visual Studio Solution File, Format Version 12.00
# Visual Studio Version 17
VisualStudioVersion = 17.10.35004.147
MinimumVisualStudioVersion = 10.0.40219.1
Project("{8BC9CEB8-8B4A-11D0-8D11-00A0C91BC942}") = "Cheat Program", "Cheat Program\Cheat Program.vcxproj", "{F30AFDEF-8B44-4D5F-889C-3E3A567575DF}"
EndProject
Global
	GlobalSection(SolutionConfigurationPlatforms) = preSolution
		Debug|x64 = Debug|x64
		Debug|x86 = Debug|x86
		Release|x64 = Release|x64
		Release|x86 = Release|x86
	EndGlobalSection
	GlobalSection(ProjectConfigurationPlatforms) = postSolution
		{F30AFDEF-8B44-4D5F-889C-3E3A567575DF}.Debug|x64.ActiveCfg = Debug|x64
		{F30AFDEF-8B44-4D5F-889C-3E3A567575DF}.Debug|x64.Build.0 = Debug|x64
		{F30AFDEF-8B44-4D5F-889C-3E3A567575DF}.Debug|x86.ActiveCfg = Debug|Win32
		{F30AFDEF-8B44-4D5F-889C-3E3A567575DF}.Debug|x86.Build.0 = Debug|Win32
		{F30AFDEF-8B44-4D5F-889C-3E3A567575DF}.Release|x64.ActiveCfg = Release|x64
		{F30AFDEF-8B44-4D5F-889C-3E3A567575DF}.Release|x64.Build.0 = Release|x64
		{F30AFDEF-8B44-4D5F-889C-3E3A567575DF}.Release|x86.ActiveCfg = Release|Win32
		{F30AFDEF-8B44-4D5F-889C-3E3A567575DF}.Release|x86.Build.0 = Release|Win32
	EndGlobalSection
	GlobalSection(SolutionProperties) = preSolution
		HideSolutionNode = FALSE
	EndGlobalSection
	GlobalSection(ExtensibilityGlobals) = postSolution
		SolutionGuid = {63B85C11-A13F-453A-A9CE-8B04F85F6450}
	EndGlobalSection
EndGlobal
