<?xml version="1.0" encoding="utf-8"?>
<Project ToolsVersion="4.0" xmlns="http://schemas.microsoft.com/developer/msbuild/2003">
  <ItemGroup>
    <Filter Include="Source Files">
      <UniqueIdentifier>{4FC737F1-C7A5-4376-A066-2A32D752A2FF}</UniqueIdentifier>
      <Extensions>cpp;c;cc;cxx;c++;cppm;ixx;def;odl;idl;hpj;bat;asm;asmx</Extensions>
    </Filter>
    <Filter Include="Header Files">
      <UniqueIdentifier>{93995380-89BD-4b04-88EB-625FBE52EBFB}</UniqueIdentifier>
      <Extensions>h;hh;hpp;hxx;h++;hm;inl;inc;ipp;xsd</Extensions>
    </Filter>
    <Filter Include="Resource Files">
      <UniqueIdentifier>{67DA6AB6-F800-4c08-8B7A-83BB121AAD01}</UniqueIdentifier>
      <Extensions>rc;ico;cur;bmp;dlg;rc2;rct;bin;rgs;gif;jpg;jpeg;jpe;resx;tiff;tif;png;wav;mfcribbon-ms</Extensions>
    </Filter>
  </ItemGroup>
  <ItemGroup>
    <ClInclude Include="src\External Libs\ImGui\imconfig.h">
      <Filter>Header Files</Filter>
    </ClInclude>
    <ClInclude Include="src\External Libs\ImGui\imgui.h">
      <Filter>Header Files</Filter>
    </ClInclude>
    <ClInclude Include="src\External Libs\ImGui\imgui_impl_dx11.h">
      <Filter>Header Files</Filter>
    </ClInclude>
    <ClInclude Include="src\External Libs\ImGui\imgui_impl_win32.h">
      <Filter>Header Files</Filter>
    </ClInclude>
    <ClInclude Include="src\External Libs\ImGui\imgui_internal.h">
      <Filter>Header Files</Filter>
    </ClInclude>
    <ClInclude Include="src\External Libs\ImGui\imstb_rectpack.h">
      <Filter>Header Files</Filter>
    </ClInclude>
    <ClInclude Include="src\External Libs\ImGui\imstb_textedit.h">
      <Filter>Header Files</Filter>
    </ClInclude>
    <ClInclude Include="src\External Libs\ImGui\imstb_truetype.h">
      <Filter>Header Files</Filter>
    </ClInclude>
    <ClInclude Include="Cheats\gui.h">
      <Filter>Header Files</Filter>
    </ClInclude>
    <ClInclude Include="src\Globals\hGlobals.h">
      <Filter>Header Files</Filter>
    </ClInclude>
    <ClInclude Include="src\Globals\hIncludes.h">
      <Filter>Header Files</Filter>
    </ClInclude>
    <ClInclude Include="src\Maths\hColor.h">
      <Filter>Header Files</Filter>
    </ClInclude>
    <ClInclude Include="src\Maths\hVector.h">
      <Filter>Header Files</Filter>
    </ClInclude>
    <ClInclude Include="src\Memory\hMemory.h">
      <Filter>Header Files</Filter>
    </ClInclude>
    <ClInclude Include="src\Memory\hProcess.h">
      <Filter>Header Files</Filter>
    </ClInclude>
    <ClInclude Include="src\External Libs\Images\iVisuals.hpp">
      <Filter>Header Files</Filter>
    </ClInclude>
    <ClInclude Include="src\D3DX11\DX11Loader.h">
      <Filter>Header Files</Filter>
    </ClInclude>
    <ClInclude Include="src\Menu\ImGuiResourceLoader.h">
      <Filter>Header Files</Filter>
    </ClInclude>
    <ClInclude Include="src\Menu\ImGuiCustomElements.h">
      <Filter>Header Files</Filter>
    </ClInclude>
    <ClInclude Include="src\Inputs\Events.h">
      <Filter>Header Files</Filter>
    </ClInclude>
    <ClInclude Include="Cheats\Readers\Game.h">
      <Filter>Header Files</Filter>
    </ClInclude>
    <ClInclude Include="Cheats\Readers\Player.h">
      <Filter>Header Files</Filter>
    </ClInclude>
    <ClInclude Include="Cheats\Hacks\Config.h">
      <Filter>Header Files</Filter>
    </ClInclude>
    <ClInclude Include="Cheats\Hacks\Esp.h">
      <Filter>Header Files</Filter>
    </ClInclude>
    <ClInclude Include="src\Maths\ViewMatrix.h">
      <Filter>Header Files</Filter>
    </ClInclude>
    <ClInclude Include="src\Maths\WorldToScreen.h">
      <Filter>Header Files</Filter>
    </ClInclude>
    <ClInclude Include="src\Functions\hConsole.h">
      <Filter>Header Files</Filter>
    </ClInclude>
    <ClInclude Include="Cheats\Readers\Entity.h">
      <Filter>Header Files</Filter>
    </ClInclude>
    <ClInclude Include="Cheats\Hacks\Threads.h">
      <Filter>Header Files</Filter>
    </ClInclude>
    <ClInclude Include="Cheats\Hacks\Bones.h">
      <Filter>Header Files</Filter>
    </ClInclude>
    <ClInclude Include="src\Functions\Junks.h">
      <Filter>Header Files</Filter>
    </ClInclude>
    <ClInclude Include="Cheats\Hacks\Crosshair.h">
      <Filter>Header Files</Filter>
    </ClInclude>
    <ClInclude Include="src\Menu\Interfaces.h">
      <Filter>Header Files</Filter>
    </ClInclude>
    <ClInclude Include="Cheats\Hacks\Bomb.h">
      <Filter>Header Files</Filter>
    </ClInclude>
    <ClInclude Include="Cheats\Hacks\Hacks.h">
      <Filter>Header Files</Filter>
    </ClInclude>
  </ItemGroup>
  <ItemGroup>
    <ClCompile Include="src\External Libs\ImGui\imgui.cpp">
      <Filter>Source Files</Filter>
    </ClCompile>
    <ClCompile Include="src\External Libs\ImGui\imgui_demo.cpp">
      <Filter>Source Files</Filter>
    </ClCompile>
    <ClCompile Include="src\External Libs\ImGui\imgui_draw.cpp">
      <Filter>Source Files</Filter>
    </ClCompile>
    <ClCompile Include="src\External Libs\ImGui\imgui_impl_dx11.cpp">
      <Filter>Source Files</Filter>
    </ClCompile>
    <ClCompile Include="src\External Libs\ImGui\imgui_impl_win32.cpp">
      <Filter>Source Files</Filter>
    </ClCompile>
    <ClCompile Include="src\External Libs\ImGui\imgui_tables.cpp">
      <Filter>Source Files</Filter>
    </ClCompile>
    <ClCompile Include="src\External Libs\ImGui\imgui_widgets.cpp">
      <Filter>Source Files</Filter>
    </ClCompile>
    <ClCompile Include="src\Memory\Memory.cpp">
      <Filter>Source Files</Filter>
    </ClCompile>
    <ClCompile Include="src\Inputs\keycodes.h">
      <Filter>Source Files</Filter>
    </ClCompile>
    <ClCompile Include="Cheats\main.cpp">
      <Filter>Source Files</Filter>
    </ClCompile>
  </ItemGroup>
</Project>